<?xml version="1.0" encoding="utf-8"?>
<Project ToolsVersion="4.0" xmlns="http://schemas.microsoft.com/developer/msbuild/2003">
  <ItemGroup>
    <Filter Include="Resource Files">
      <UniqueIdentifier>{67DA6AB6-F800-4c08-8B7A-83BB121AAD01}</UniqueIdentifier>
      <Extensions>rc;ico;cur;bmp;dlg;rc2;rct;bin;rgs;gif;jpg;jpeg;jpe;resx;tiff;tif;png;wav</Extensions>
    </Filter>
    <Filter Include="sources">
      <UniqueIdentifier>{e074148f-4484-4cbf-86aa-05d8e5dee4ab}</UniqueIdentifier>
    </Filter>
    <Filter Include="sources\Windows">
      <UniqueIdentifier>{f5402f73-2c7a-478f-847f-c041e0a831e9}</UniqueIdentifier>
    </Filter>
    <Filter Include="sources\Windows\Dialogs">
      <UniqueIdentifier>{34846d53-a893-4a6a-8352-8923ce37853c}</UniqueIdentifier>
    </Filter>
    <Filter Include="sources\Windows\Dialogs\MainDlg">
      <UniqueIdentifier>{6ce97323-103d-47a2-abf5-ce1d5c065324}</UniqueIdentifier>
    </Filter>
    <Filter Include="sources\Windows\Dialogs\NewLineDialog">
      <UniqueIdentifier>{89c4eee8-05f9-4b3b-a5f9-040a48a7bcc1}</UniqueIdentifier>
    </Filter>
    <Filter Include="sources\Windows\others">
      <UniqueIdentifier>{89d57ad8-fd3f-46c5-9876-ca58393c8f06}</UniqueIdentifier>
    </Filter>
    <Filter Include="sources\Windows\CChartApp">
      <UniqueIdentifier>{a785af6a-c504-4a27-b472-e17eb477e628}</UniqueIdentifier>
    </Filter>
    <Filter Include="sources\MVC">
      <UniqueIdentifier>{2335d226-3498-4ce8-bee0-87579dc4578a}</UniqueIdentifier>
    </Filter>
    <Filter Include="sources\MVC\View">
      <UniqueIdentifier>{a09bd7a8-0bf6-4b9a-8bb4-b16b49f7dd2d}</UniqueIdentifier>
    </Filter>
    <Filter Include="sources\MVC\View\CChart">
      <UniqueIdentifier>{82f818c7-dad5-4b24-9d83-acf3403f1c1b}</UniqueIdentifier>
    </Filter>
    <Filter Include="sources\MVC\Controller">
      <UniqueIdentifier>{7f636b96-21bc-4286-9bd5-e81e3b54d0d4}</UniqueIdentifier>
    </Filter>
    <Filter Include="sources\MVC\Controller\Interface">
      <UniqueIdentifier>{e445fb3e-b6d0-45b9-9703-2cf181750d59}</UniqueIdentifier>
    </Filter>
    <Filter Include="sources\MVC\Model">
      <UniqueIdentifier>{8a6bf3cd-09e0-4c4b-9fab-e3fd1a226a54}</UniqueIdentifier>
    </Filter>
    <Filter Include="sources\MVC\Model\Data">
      <UniqueIdentifier>{a4450b38-22e7-45be-b68a-2605ae2ee33d}</UniqueIdentifier>
    </Filter>
    <Filter Include="sources\MVC\Model\Interfaces">
      <UniqueIdentifier>{62db68bd-0020-483b-8fd6-9e1a881609be}</UniqueIdentifier>
    </Filter>
    <Filter Include="sources\MVC\Commands">
      <UniqueIdentifier>{3e299bd0-3937-4fe1-94fb-6dd6eba85768}</UniqueIdentifier>
    </Filter>
    <Filter Include="sources\Windows\Dialogs\ValueInputDlg">
      <UniqueIdentifier>{0f4c6085-f13b-44cb-a6a2-1b081a720439}</UniqueIdentifier>
    </Filter>
    <Filter Include="sources\MVC\Model\Data\Containers">
      <UniqueIdentifier>{3cc380ed-44f2-4c33-b660-eb3bea87ef8f}</UniqueIdentifier>
    </Filter>
    <Filter Include="sources\MVC\View\CChart\Interfaces">
      <UniqueIdentifier>{b0a047b2-d5b2-44c5-9b24-e4cf39329c11}</UniqueIdentifier>
    </Filter>
    <Filter Include="sources\Windows\Dialogs\DBDrugDialog">
      <UniqueIdentifier>{d7e6313d-dfc8-4f3e-b676-1ea324952f55}</UniqueIdentifier>
    </Filter>
    <Filter Include="sources\MVC\Model\Data\ChartData">
      <UniqueIdentifier>{9d5b4093-e3fc-499d-b1d2-08c7867fe2d2}</UniqueIdentifier>
    </Filter>
    <Filter Include="sources\MVC\Model\CMainModel">
      <UniqueIdentifier>{398236da-b556-4bc5-a4e2-2179425e0dd9}</UniqueIdentifier>
    </Filter>
    <Filter Include="sources\MVC\Controller\CMainController">
      <UniqueIdentifier>{420c2f24-d87c-4262-a6dd-cfb359187896}</UniqueIdentifier>
    </Filter>
    <Filter Include="sources\MVC\Controller\CPrintController">
      <UniqueIdentifier>{7fbf8172-c2c0-4a40-9249-faf2ea654a53}</UniqueIdentifier>
    </Filter>
    <Filter Include="sources\MVC\Controller\CNurseController">
      <UniqueIdentifier>{2dd88db0-d6f0-4953-bc5d-050886983b1b}</UniqueIdentifier>
    </Filter>
    <Filter Include="sources\MVC\View\Table">
      <UniqueIdentifier>{6c1b4817-1e93-428c-a230-abc5c7706d60}</UniqueIdentifier>
    </Filter>
    <Filter Include="sources\MVC\MainBridge">
      <UniqueIdentifier>{89bdc297-f078-47fa-9361-134982333d2f}</UniqueIdentifier>
    </Filter>
    <Filter Include="sources\containers">
      <UniqueIdentifier>{2ba0729b-f6bf-4eef-858a-804f4718405a}</UniqueIdentifier>
    </Filter>
    <Filter Include="sources\Utilities &amp; variables">
      <UniqueIdentifier>{3415e86d-4959-4310-bc8a-f41ada9e42bd}</UniqueIdentifier>
    </Filter>
    <Filter Include="sources\ToDELETE">
      <UniqueIdentifier>{f2a3c6ea-241e-4df1-9ddf-5e521ad5d194}</UniqueIdentifier>
    </Filter>
    <Filter Include="sources\Utilities &amp; variables\Graphics">
      <UniqueIdentifier>{0cd954f5-9fb2-4ef6-b5bd-139cc84b6fd0}</UniqueIdentifier>
    </Filter>
    <Filter Include="sources\CustomControls">
      <UniqueIdentifier>{5524f5b9-f55e-430e-8dc3-ceed9dee3847}</UniqueIdentifier>
    </Filter>
    <Filter Include="sources\CustomControls\CInPlaceEditbox">
      <UniqueIdentifier>{6455068c-49e1-412a-8b5c-7b1cd8efe0e9}</UniqueIdentifier>
    </Filter>
    <Filter Include="sources\CustomControls\CustomList">
      <UniqueIdentifier>{6c0a2472-9b7a-4c51-861c-db61e19a1e55}</UniqueIdentifier>
    </Filter>
    <Filter Include="sources\CustomControls\CustomList\CustomListView">
      <UniqueIdentifier>{e2eb1d74-a29b-4962-911d-eaaec8f106f7}</UniqueIdentifier>
    </Filter>
    <Filter Include="sources\CustomControls\Buttons">
      <UniqueIdentifier>{09dc5b9a-16bb-45f7-b280-98e527d01ddb}</UniqueIdentifier>
    </Filter>
    <Filter Include="sources\CustomControls\DutyDatePicker">
      <UniqueIdentifier>{fd1aff28-06df-4284-b08a-24755556ef66}</UniqueIdentifier>
    </Filter>
    <Filter Include="sources\CustomControls\CHeader">
      <UniqueIdentifier>{9df9908c-6938-4666-8a5a-4ed6c76e9b38}</UniqueIdentifier>
    </Filter>
    <Filter Include="sources\CustomControls\DrugListView">
      <UniqueIdentifier>{3a8ecb90-58a2-407f-9710-1cc4ad54f3a3}</UniqueIdentifier>
    </Filter>
    <Filter Include="sources\CustomControls\EditableList">
      <UniqueIdentifier>{1345fd18-6b35-4402-86b9-b6c4c6af0692}</UniqueIdentifier>
    </Filter>
    <Filter Include="sources\CustomControls\DutyDatePicker\DutyCalendar">
      <UniqueIdentifier>{092e34f8-4469-4037-a319-e9ef1dcbf5be}</UniqueIdentifier>
    </Filter>
    <Filter Include="sources\CustomControls\SmartMenu">
      <UniqueIdentifier>{795a9d3b-68eb-4005-91b4-13f37c3c6071}</UniqueIdentifier>
    </Filter>
    <Filter Include="sources\MVC\LogCommandAdministrator">
      <UniqueIdentifier>{a1da4590-b0b3-48bb-85c2-0ddda681b883}</UniqueIdentifier>
    </Filter>
    <Filter Include="sources\MVC\LogCommandAdministrator\LogCommands">
      <UniqueIdentifier>{fd49634a-ebbb-43d9-9689-83c1ca57fa6b}</UniqueIdentifier>
    </Filter>
    <Filter Include="sources\CustomControls\LoadingAnimator">
      <UniqueIdentifier>{a96d14bc-5311-48a0-9cb4-dfbe7ad861a3}</UniqueIdentifier>
    </Filter>
    <Filter Include="sources\Windows\Dialogs\WaitDlg">
      <UniqueIdentifier>{fe614a13-47f6-4653-a522-98b2c3e854d2}</UniqueIdentifier>
    </Filter>
  </ItemGroup>
  <ItemGroup>
    <Image Include="res\chart.ico">
      <Filter>Resource Files</Filter>
    </Image>
  </ItemGroup>
  <ItemGroup>
    <ResourceCompile Include="chart.rc">
      <Filter>Resource Files</Filter>
    </ResourceCompile>
  </ItemGroup>
  <ItemGroup>
    <None Include="res\chart.rc2">
      <Filter>Resource Files</Filter>
    </None>
  </ItemGroup>
  <ItemGroup>
    <ClInclude Include="MessageDialog.h">
      <Filter>sources\Windows\Dialogs</Filter>
    </ClInclude>
    <ClInclude Include="MainDlg.h">
      <Filter>sources\Windows\Dialogs\MainDlg</Filter>
    </ClInclude>
    <ClInclude Include="NewLineDialog.h">
      <Filter>sources\Windows\Dialogs\NewLineDialog</Filter>
    </ClInclude>
    <ClInclude Include="stdafx.h">
      <Filter>sources\Windows\others</Filter>
    </ClInclude>
    <ClInclude Include="dpix.h">
      <Filter>sources\Utilities &amp; variables\Graphics</Filter>
    </ClInclude>
    <ClInclude Include="ugc.h">
      <Filter>sources\Utilities &amp; variables\Graphics</Filter>
    </ClInclude>
    <ClInclude Include="Rect.h">
      <Filter>sources\MVC\View</Filter>
    </ClInclude>
    <ClInclude Include="CTableContainer.h">
      <Filter>sources\MVC\View\Table</Filter>
    </ClInclude>
    <ClInclude Include="CChartView.h">
      <Filter>sources\MVC\View\CChart</Filter>
    </ClInclude>
    <ClInclude Include="Observer.h">
      <Filter>sources\MVC\View\CChart\Interfaces</Filter>
    </ClInclude>
    <ClInclude Include="IChartController.h">
      <Filter>sources\MVC\Controller\Interface</Filter>
    </ClInclude>
    <ClInclude Include="Observable.h">
      <Filter>sources\MVC\Model\Interfaces</Filter>
    </ClInclude>
    <ClInclude Include="CommandAddContainerUnit.h">
      <Filter>sources\MVC\Commands</Filter>
    </ClInclude>
    <ClInclude Include="CommandClear.h">
      <Filter>sources\MVC\Commands</Filter>
    </ClInclude>
    <ClInclude Include="ITableCommand.h">
      <Filter>sources\MVC\Commands</Filter>
    </ClInclude>
    <ClInclude Include="CommandEmpty.h">
      <Filter>sources\MVC\Commands</Filter>
    </ClInclude>
    <ClInclude Include="TableParameter.h">
      <Filter>sources\MVC\View\Table</Filter>
    </ClInclude>
    <ClInclude Include="ValueInputDlg.h">
      <Filter>sources\Windows\Dialogs\ValueInputDlg</Filter>
    </ClInclude>
    <ClInclude Include="Unit.h">
      <Filter>sources\MVC\Model\Data</Filter>
    </ClInclude>
    <ClInclude Include="ContainerUnit.h">
      <Filter>sources\MVC\Model\Data\Containers</Filter>
    </ClInclude>
    <ClInclude Include="IShowHide.h">
      <Filter>sources\Windows\Dialogs\MainDlg</Filter>
    </ClInclude>
    <ClInclude Include="CHeader.h">
      <Filter>sources\CustomControls\CHeader</Filter>
    </ClInclude>
    <ClInclude Include="Value.h">
      <Filter>sources\MVC\Model\Data</Filter>
    </ClInclude>
    <ClInclude Include="ContainerUnitResizable.h">
      <Filter>sources\MVC\Model\Data\Containers</Filter>
    </ClInclude>
    <ClInclude Include="ContainerUnitMovable.h">
      <Filter>sources\MVC\Model\Data\Containers</Filter>
    </ClInclude>
    <ClInclude Include="ModelContainers.h">
      <Filter>sources\MVC\Model\Data\Containers</Filter>
    </ClInclude>
    <ClInclude Include="TableObjectMovable.h">
      <Filter>sources\MVC\View\Table</Filter>
    </ClInclude>
    <ClInclude Include="TableObjectResizable.h">
      <Filter>sources\MVC\View\Table</Filter>
    </ClInclude>
    <ClInclude Include="TableLines.h">
      <Filter>sources\MVC\View\Table</Filter>
    </ClInclude>
    <ClInclude Include="TableObject.h">
      <Filter>sources\MVC\View\Table</Filter>
    </ClInclude>
    <ClInclude Include="CTableBlock.h">
      <Filter>sources\MVC\View\Table</Filter>
    </ClInclude>
    <ClInclude Include="CommandAddBlock.h">
      <Filter>sources\MVC\Commands</Filter>
    </ClInclude>
    <ClInclude Include="CTableBlockHemodynamic.h">
      <Filter>sources\MVC\View\Table</Filter>
    </ClInclude>
    <ClInclude Include="CursorHandler.h">
      <Filter>sources\MVC\View\CChart\Interfaces</Filter>
    </ClInclude>
    <ClInclude Include="CInPlaceEditbox.h">
      <Filter>sources\CustomControls\CInPlaceEditbox</Filter>
    </ClInclude>
    <ClInclude Include="EditableList.h">
      <Filter>sources\CustomControls\EditableList</Filter>
    </ClInclude>
    <ClInclude Include="TableObject_IVdrops.h">
      <Filter>sources\MVC\View\Table</Filter>
    </ClInclude>
    <ClInclude Include="SQL.h">
      <Filter>sources\ToDELETE</Filter>
    </ClInclude>
    <ClInclude Include="DBDrugDialog.h">
      <Filter>sources\Windows\Dialogs\DBDrugDialog</Filter>
    </ClInclude>
    <ClInclude Include="DrugListView.h">
      <Filter>sources\CustomControls\DrugListView</Filter>
    </ClInclude>
    <ClInclude Include="MouseShift.h">
      <Filter>sources\MVC\View\Table</Filter>
    </ClInclude>
    <ClInclude Include="SmartMenu.h">
      <Filter>sources\CustomControls\SmartMenu</Filter>
    </ClInclude>
    <ClInclude Include="chart.h">
      <Filter>sources\Windows\CChartApp</Filter>
    </ClInclude>
    <ClInclude Include="ChartData.h">
      <Filter>sources\MVC\Model\Data\ChartData</Filter>
    </ClInclude>
    <ClInclude Include="CMainModel.h">
      <Filter>sources\MVC\Model\CMainModel</Filter>
    </ClInclude>
    <ClInclude Include="IDBConnector.h">
      <Filter>sources\MVC\MainBridge</Filter>
    </ClInclude>
    <ClInclude Include="PatientListItem.h">
      <Filter>sources\CustomControls\CustomList</Filter>
    </ClInclude>
    <ClInclude Include="CustomListViewItem.h">
      <Filter>sources\CustomControls\CustomList</Filter>
    </ClInclude>
    <ClInclude Include="AdminWay.h">
      <Filter>sources\MVC\Model</Filter>
    </ClInclude>
    <ClInclude Include="CMainController.h">
      <Filter>sources\MVC\Controller\CMainController</Filter>
    </ClInclude>
    <ClInclude Include="CPrintController.h">
      <Filter>sources\MVC\Controller\CPrintController</Filter>
    </ClInclude>
    <ClInclude Include="CNurseController.h">
      <Filter>sources\MVC\Controller\CNurseController</Filter>
    </ClInclude>
    <ClInclude Include="DrugInfo.h">
      <Filter>sources\MVC\Model\Data</Filter>
    </ClInclude>
    <ClInclude Include="MainBridge.h">
      <Filter>sources\MVC\MainBridge</Filter>
    </ClInclude>
    <ClInclude Include="bimap.h">
      <Filter>sources\containers</Filter>
    </ClInclude>
    <ClInclude Include="key_vector.h">
      <Filter>sources\containers</Filter>
    </ClInclude>
    <ClInclude Include="DutyDatePicker.h">
      <Filter>sources\CustomControls\DutyDatePicker</Filter>
    </ClInclude>
    <ClInclude Include="Button.h">
      <Filter>sources\CustomControls\Buttons</Filter>
    </ClInclude>
    <ClInclude Include="StatusButton.h">
      <Filter>sources\CustomControls\Buttons</Filter>
    </ClInclude>
    <ClInclude Include="AdditionalFeatures.h">
      <Filter>sources\Utilities &amp; variables</Filter>
    </ClInclude>
    <ClInclude Include="Constants.h">
      <Filter>sources\Utilities &amp; variables</Filter>
    </ClInclude>
    <ClInclude Include="ID.h">
      <Filter>sources\Utilities &amp; variables</Filter>
    </ClInclude>
    <ClInclude Include="Ini.h">
      <Filter>sources\Utilities &amp; variables</Filter>
    </ClInclude>
    <ClInclude Include="PatientInfo.h">
      <Filter>sources\Utilities &amp; variables</Filter>
    </ClInclude>
    <ClInclude Include="type_defines.h">
      <Filter>sources\Utilities &amp; variables</Filter>
    </ClInclude>
    <ClInclude Include="utils.h">
      <Filter>sources\Utilities &amp; variables</Filter>
    </ClInclude>
    <ClInclude Include="CustomListView.h">
      <Filter>sources\CustomControls\CustomList\CustomListView</Filter>
    </ClInclude>
    <ClInclude Include="Resource.h">
      <Filter>sources</Filter>
    </ClInclude>
    <ClInclude Include="DutyCalendar.h">
      <Filter>sources\CustomControls\DutyDatePicker\DutyCalendar</Filter>
    </ClInclude>
    <ClInclude Include="PickerUpdater.h">
      <Filter>sources\CustomControls\DutyDatePicker</Filter>
    </ClInclude>
    <ClInclude Include="IUpdater.h">
      <Filter>sources\Windows\Dialogs\MainDlg</Filter>
    </ClInclude>
    <ClInclude Include="LogCommandAdministrator.h">
      <Filter>sources\MVC\LogCommandAdministrator</Filter>
    </ClInclude>
    <ClInclude Include="ILogCommand.h">
      <Filter>sources\MVC\LogCommandAdministrator\LogCommands</Filter>
    </ClInclude>
    <ClInclude Include="LogCommand_Units.h">
      <Filter>sources\MVC\LogCommandAdministrator\LogCommands</Filter>
    </ClInclude>
    <ClInclude Include="IModel.h">
      <Filter>sources\MVC\Model\CMainModel</Filter>
    </ClInclude>
    <ClInclude Include="CommandDeleteContainerUnit.h">
      <Filter>sources\MVC\Commands</Filter>
    </ClInclude>
    <ClInclude Include="LogCommand_ContainerUnits.h">
      <Filter>sources\MVC\LogCommandAdministrator\LogCommands</Filter>
    </ClInclude>
    <ClInclude Include="CommandMoveDrug.h">
      <Filter>sources\MVC\Commands</Filter>
    </ClInclude>
    <ClInclude Include="ParserDrugForm.h">
      <Filter>sources\MVC\Model\Data</Filter>
    </ClInclude>
    <ClInclude Include="LoadingAnimator.h">
      <Filter>sources\CustomControls\LoadingAnimator</Filter>
    </ClInclude>
    <ClInclude Include="WaitDlg.h">
      <Filter>sources\Windows\Dialogs\WaitDlg</Filter>
    </ClInclude>
    <ClInclude Include="ChartConfig.h">
      <Filter>sources\Utilities &amp; variables</Filter>
    </ClInclude>
    <ClInclude Include="CommandSetTimes.h">
      <Filter>sources\MVC\Commands</Filter>
    </ClInclude>
  </ItemGroup>
  <ItemGroup>
    <ClCompile Include="MainDlg.cpp">
      <Filter>sources\Windows\Dialogs\MainDlg</Filter>
    </ClCompile>
    <ClCompile Include="NewLineDialog.cpp">
      <Filter>sources\Windows\Dialogs\NewLineDialog</Filter>
    </ClCompile>
    <ClCompile Include="stdafx.cpp">
      <Filter>sources\Windows\others</Filter>
    </ClCompile>
    <ClCompile Include="chart.cpp">
      <Filter>sources\Windows\CChartApp</Filter>
    </ClCompile>
    <ClCompile Include="CChartView.cpp">
      <Filter>sources\MVC\View\CChart</Filter>
    </ClCompile>
    <ClCompile Include="ValueInputDlg.cpp">
      <Filter>sources\Windows\Dialogs\ValueInputDlg</Filter>
    </ClCompile>
    <ClCompile Include="CHeader.cpp">
      <Filter>sources\CustomControls\CHeader</Filter>
    </ClCompile>
    <ClCompile Include="CInPlaceEditbox.cpp">
      <Filter>sources\CustomControls\CInPlaceEditbox</Filter>
    </ClCompile>
    <ClCompile Include="EditableList.cpp">
      <Filter>sources\CustomControls\EditableList</Filter>
    </ClCompile>
    <ClCompile Include="DBDrugDialog.cpp">
      <Filter>sources\Windows\Dialogs\DBDrugDialog</Filter>
    </ClCompile>
    <ClCompile Include="DrugListView.cpp">
      <Filter>sources\CustomControls\DrugListView</Filter>
    </ClCompile>
    <ClCompile Include="ugc.cpp">
      <Filter>sources\Utilities &amp; variables\Graphics</Filter>
    </ClCompile>
    <ClCompile Include="SmartMenu.cpp">
      <Filter>sources\CustomControls\SmartMenu</Filter>
    </ClCompile>
    <ClCompile Include="ChartData.cpp">
      <Filter>sources\MVC\Model\Data\ChartData</Filter>
    </ClCompile>
    <ClCompile Include="CMainModel.cpp">
      <Filter>sources\MVC\Model\CMainModel</Filter>
    </ClCompile>
    <ClCompile Include="CMainController.cpp">
      <Filter>sources\MVC\Controller\CMainController</Filter>
    </ClCompile>
    <ClCompile Include="CPrintController.cpp">
      <Filter>sources\MVC\Controller\CPrintController</Filter>
    </ClCompile>
    <ClCompile Include="CNurseController.cpp">
      <Filter>sources\MVC\Controller\CNurseController</Filter>
    </ClCompile>
    <ClCompile Include="MainBridge.cpp">
      <Filter>sources\MVC\MainBridge</Filter>
    </ClCompile>
    <ClCompile Include="DutyDatePicker.cpp">
      <Filter>sources\CustomControls\DutyDatePicker</Filter>
    </ClCompile>
    <ClCompile Include="utils.cpp">
      <Filter>sources\Utilities &amp; variables</Filter>
    </ClCompile>
    <ClCompile Include="CustomListView.cpp">
      <Filter>sources\CustomControls\CustomList\CustomListView</Filter>
    </ClCompile>
    <ClCompile Include="DutyCalendar.cpp">
      <Filter>sources\CustomControls\DutyDatePicker\DutyCalendar</Filter>
    </ClCompile>
    <ClCompile Include="LogCommandAdministrator.cpp">
      <Filter>sources\MVC\LogCommandAdministrator</Filter>
    </ClCompile>
    <ClCompile Include="LoadingAnimator.cpp">
      <Filter>sources\CustomControls\LoadingAnimator</Filter>
    </ClCompile>
    <ClCompile Include="WaitDlg.cpp">
      <Filter>sources\Windows\Dialogs\WaitDlg</Filter>
    </ClCompile>
  </ItemGroup>
</Project>